
Microsoft Visual Studio Solution File, Format Version 12.00
# Visual Studio Version 17
VisualStudioVersion = 17.11.35327.3
MinimumVisualStudioVersion = 10.0.40219.1
Project("{FAE04EC0-301F-11D3-BF4B-00C04F79EFBC}") = "M04-TryParseDate", "M04-TryParseDate\M04-TryParseDate.csproj", "{AA2A9380-2B10-418F-8AB2-1B871A90C806}"
EndProject
Global
	GlobalSection(SolutionConfigurationPlatforms) = preSolution
		Debug|Any CPU = Debug|Any CPU
		Release|Any CPU = Release|Any CPU
	EndGlobalSection
	GlobalSection(ProjectConfigurationPlatforms) = postSolution
		{AA2A9380-2B10-418F-8AB2-1B871A90C806}.Debug|Any CPU.ActiveCfg = Debug|Any CPU
		{AA2A9380-2B10-418F-8AB2-1B871A90C806}.Debug|Any CPU.Build.0 = Debug|Any CPU
		{AA2A9380-2B10-418F-8AB2-1B871A90C806}.Release|Any CPU.ActiveCfg = Release|Any CPU
		{AA2A9380-2B10-418F-8AB2-1B871A90C806}.Release|Any CPU.Build.0 = Release|Any CPU
	EndGlobalSection
	GlobalSection(SolutionProperties) = preSolution
		HideSolutionNode = FALSE
	EndGlobalSection
	GlobalSection(ExtensibilityGlobals) = postSolution
		SolutionGuid = {78B6A383-D1F2-40A1-97ED-D4BB1263F496}
	EndGlobalSection
EndGlobal
