
Microsoft Visual Studio Solution File, Format Version 12.00
# Visual Studio Version 17
VisualStudioVersion = 17.11.35327.3
MinimumVisualStudioVersion = 10.0.40219.1
Project("{FAE04EC0-301F-11D3-BF4B-00C04F79EFBC}") = "C016-AbstractAnimalClass", "C016-AbstractAnimalClass\C016-AbstractAnimalClass.csproj", "{BB831783-0B21-45B6-9A20-887F276D7B29}"
EndProject
Global
	GlobalSection(SolutionConfigurationPlatforms) = preSolution
		Debug|Any CPU = Debug|Any CPU
		Release|Any CPU = Release|Any CPU
	EndGlobalSection
	GlobalSection(ProjectConfigurationPlatforms) = postSolution
		{BB831783-0B21-45B6-9A20-887F276D7B29}.Debug|Any CPU.ActiveCfg = Debug|Any CPU
		{BB831783-0B21-45B6-9A20-887F276D7B29}.Debug|Any CPU.Build.0 = Debug|Any CPU
		{BB831783-0B21-45B6-9A20-887F276D7B29}.Release|Any CPU.ActiveCfg = Release|Any CPU
		{BB831783-0B21-45B6-9A20-887F276D7B29}.Release|Any CPU.Build.0 = Release|Any CPU
	EndGlobalSection
	GlobalSection(SolutionProperties) = preSolution
		HideSolutionNode = FALSE
	EndGlobalSection
	GlobalSection(ExtensibilityGlobals) = postSolution
		SolutionGuid = {838822D9-F761-449E-8555-5C379849CE95}
	EndGlobalSection
EndGlobal
